
Microsoft Visual Studio Solution File, Format Version 12.00
# Visual Studio Version 17
VisualStudioVersion = 17.1.32210.238
MinimumVisualStudioVersion = 10.0.40219.1
Project("{FAE04EC0-301F-11D3-BF4B-00C04F79EFBC}") = "Stacks and Queues -  Exercise", "Stacks and Queues -  Exercise\Stacks and Queues -  Exercise.csproj", "{759EB797-8F66-48D0-AE7C-6667197889EA}"
EndProject
Project("{FAE04EC0-301F-11D3-BF4B-00C04F79EFBC}") = "01. Basic Stack Operations", "01. Basic Stack Operations\01. Basic Stack Operations.csproj", "{AFEA8911-614F-45AA-97CD-598600C61088}"
EndProject
Project("{FAE04EC0-301F-11D3-BF4B-00C04F79EFBC}") = "02. Basic Queue Operations", "02. Basic Queue Operations\02. Basic Queue Operations.csproj", "{C383B029-1EEB-4D03-8C3C-EE3A1D831099}"
EndProject
Project("{FAE04EC0-301F-11D3-BF4B-00C04F79EFBC}") = "03. Maximum and Minimum Element", "03. Maximum and Minimum Element\03. Maximum and Minimum Element.csproj", "{638CBA57-939D-4C43-8991-06AA3B005A37}"
EndProject
Project("{FAE04EC0-301F-11D3-BF4B-00C04F79EFBC}") = "04. Fast Food", "04. Fast Food\04. Fast Food.csproj", "{EB2668A5-20CF-46A8-B5A4-994E4E1BC29F}"
EndProject
Project("{FAE04EC0-301F-11D3-BF4B-00C04F79EFBC}") = "05. Fashion Boutique", "05. Fashion Boutique\05. Fashion Boutique.csproj", "{3231DDBA-26B4-4E2E-A3B9-F13AEF124FB3}"
EndProject
Project("{FAE04EC0-301F-11D3-BF4B-00C04F79EFBC}") = "06. Songs Queue", "06. Songs Queue\06. Songs Queue.csproj", "{942B98BE-0A1B-421E-B42F-D8427EF863C1}"
EndProject
Project("{FAE04EC0-301F-11D3-BF4B-00C04F79EFBC}") = "07. Truck Tour", "07. Truck Tour\07. Truck Tour.csproj", "{D941D101-C8E2-4CA5-A081-2A963A8454FE}"
EndProject
Project("{FAE04EC0-301F-11D3-BF4B-00C04F79EFBC}") = "08. Balanced Parenthesis", "08. Balanced Parenthesis\08. Balanced Parenthesis.csproj", "{B52687B6-16EA-451D-829B-6D2AA6DCF3F0}"
EndProject
Project("{FAE04EC0-301F-11D3-BF4B-00C04F79EFBC}") = "09. Simple Text Editor", "09. Simple Text Editor\09. Simple Text Editor.csproj", "{6097F771-F31B-44F8-9568-4737C18799B7}"
EndProject
Global
	GlobalSection(SolutionConfigurationPlatforms) = preSolution
		Debug|Any CPU = Debug|Any CPU
		Release|Any CPU = Release|Any CPU
	EndGlobalSection
	GlobalSection(ProjectConfigurationPlatforms) = postSolution
		{759EB797-8F66-48D0-AE7C-6667197889EA}.Debug|Any CPU.ActiveCfg = Debug|Any CPU
		{759EB797-8F66-48D0-AE7C-6667197889EA}.Debug|Any CPU.Build.0 = Debug|Any CPU
		{759EB797-8F66-48D0-AE7C-6667197889EA}.Release|Any CPU.ActiveCfg = Release|Any CPU
		{759EB797-8F66-48D0-AE7C-6667197889EA}.Release|Any CPU.Build.0 = Release|Any CPU
		{AFEA8911-614F-45AA-97CD-598600C61088}.Debug|Any CPU.ActiveCfg = Debug|Any CPU
		{AFEA8911-614F-45AA-97CD-598600C61088}.Debug|Any CPU.Build.0 = Debug|Any CPU
		{AFEA8911-614F-45AA-97CD-598600C61088}.Release|Any CPU.ActiveCfg = Release|Any CPU
		{AFEA8911-614F-45AA-97CD-598600C61088}.Release|Any CPU.Build.0 = Release|Any CPU
		{C383B029-1EEB-4D03-8C3C-EE3A1D831099}.Debug|Any CPU.ActiveCfg = Debug|Any CPU
		{C383B029-1EEB-4D03-8C3C-EE3A1D831099}.Debug|Any CPU.Build.0 = Debug|Any CPU
		{C383B029-1EEB-4D03-8C3C-EE3A1D831099}.Release|Any CPU.ActiveCfg = Release|Any CPU
		{C383B029-1EEB-4D03-8C3C-EE3A1D831099}.Release|Any CPU.Build.0 = Release|Any CPU
		{638CBA57-939D-4C43-8991-06AA3B005A37}.Debug|Any CPU.ActiveCfg = Debug|Any CPU
		{638CBA57-939D-4C43-8991-06AA3B005A37}.Debug|Any CPU.Build.0 = Debug|Any CPU
		{638CBA57-939D-4C43-8991-06AA3B005A37}.Release|Any CPU.ActiveCfg = Release|Any CPU
		{638CBA57-939D-4C43-8991-06AA3B005A37}.Release|Any CPU.Build.0 = Release|Any CPU
		{EB2668A5-20CF-46A8-B5A4-994E4E1BC29F}.Debug|Any CPU.ActiveCfg = Debug|Any CPU
		{EB2668A5-20CF-46A8-B5A4-994E4E1BC29F}.Debug|Any CPU.Build.0 = Debug|Any CPU
		{EB2668A5-20CF-46A8-B5A4-994E4E1BC29F}.Release|Any CPU.ActiveCfg = Release|Any CPU
		{EB2668A5-20CF-46A8-B5A4-994E4E1BC29F}.Release|Any CPU.Build.0 = Release|Any CPU
		{3231DDBA-26B4-4E2E-A3B9-F13AEF124FB3}.Debug|Any CPU.ActiveCfg = Debug|Any CPU
		{3231DDBA-26B4-4E2E-A3B9-F13AEF124FB3}.Debug|Any CPU.Build.0 = Debug|Any CPU
		{3231DDBA-26B4-4E2E-A3B9-F13AEF124FB3}.Release|Any CPU.ActiveCfg = Release|Any CPU
		{3231DDBA-26B4-4E2E-A3B9-F13AEF124FB3}.Release|Any CPU.Build.0 = Release|Any CPU
		{942B98BE-0A1B-421E-B42F-D8427EF863C1}.Debug|Any CPU.ActiveCfg = Debug|Any CPU
		{942B98BE-0A1B-421E-B42F-D8427EF863C1}.Debug|Any CPU.Build.0 = Debug|Any CPU
		{942B98BE-0A1B-421E-B42F-D8427EF863C1}.Release|Any CPU.ActiveCfg = Release|Any CPU
		{942B98BE-0A1B-421E-B42F-D8427EF863C1}.Release|Any CPU.Build.0 = Release|Any CPU
		{D941D101-C8E2-4CA5-A081-2A963A8454FE}.Debug|Any CPU.ActiveCfg = Debug|Any CPU
		{D941D101-C8E2-4CA5-A081-2A963A8454FE}.Debug|Any CPU.Build.0 = Debug|Any CPU
		{D941D101-C8E2-4CA5-A081-2A963A8454FE}.Release|Any CPU.ActiveCfg = Release|Any CPU
		{D941D101-C8E2-4CA5-A081-2A963A8454FE}.Release|Any CPU.Build.0 = Release|Any CPU
		{B52687B6-16EA-451D-829B-6D2AA6DCF3F0}.Debug|Any CPU.ActiveCfg = Debug|Any CPU
		{B52687B6-16EA-451D-829B-6D2AA6DCF3F0}.Debug|Any CPU.Build.0 = Debug|Any CPU
		{B52687B6-16EA-451D-829B-6D2AA6DCF3F0}.Release|Any CPU.ActiveCfg = Release|Any CPU
		{B52687B6-16EA-451D-829B-6D2AA6DCF3F0}.Release|Any CPU.Build.0 = Release|Any CPU
		{6097F771-F31B-44F8-9568-4737C18799B7}.Debug|Any CPU.ActiveCfg = Debug|Any CPU
		{6097F771-F31B-44F8-9568-4737C18799B7}.Debug|Any CPU.Build.0 = Debug|Any CPU
		{6097F771-F31B-44F8-9568-4737C18799B7}.Release|Any CPU.ActiveCfg = Release|Any CPU
		{6097F771-F31B-44F8-9568-4737C18799B7}.Release|Any CPU.Build.0 = Release|Any CPU
	EndGlobalSection
	GlobalSection(SolutionProperties) = preSolution
		HideSolutionNode = FALSE
	EndGlobalSection
	GlobalSection(ExtensibilityGlobals) = postSolution
		SolutionGuid = {CBCCCE8D-C39C-4560-8FDD-AE076392169F}
	EndGlobalSection
EndGlobal
