
Microsoft Visual Studio Solution File, Format Version 12.00
# Visual Studio Version 17
VisualStudioVersion = 17.1.32210.238
MinimumVisualStudioVersion = 10.0.40219.1
Project("{FAE04EC0-301F-11D3-BF4B-00C04F79EFBC}") = "Stacks and Queues - Exercises", "Stacks and Queues - Exercises\Stacks and Queues - Exercises.csproj", "{DB5BA681-D640-4416-8C3A-9EFA4A10882C}"
EndProject
Project("{FAE04EC0-301F-11D3-BF4B-00C04F79EFBC}") = "01. Basic Stack Operations", "01. Basic Stack Operations\01. Basic Stack Operations.csproj", "{0A4AD860-A749-4448-887A-97DBE46F355E}"
EndProject
Project("{FAE04EC0-301F-11D3-BF4B-00C04F79EFBC}") = "02. Basic Queue Operations", "02. Basic Queue Operations\02. Basic Queue Operations.csproj", "{450F57AA-F8E4-4E9F-95E3-42185A1E8871}"
EndProject
Project("{FAE04EC0-301F-11D3-BF4B-00C04F79EFBC}") = "03. Maximum and Minimum Element", "03. Maximum and Minimum Element\03. Maximum and Minimum Element.csproj", "{5846E026-BABB-4280-B944-247ADDFFCBEB}"
EndProject
Project("{FAE04EC0-301F-11D3-BF4B-00C04F79EFBC}") = "04. Fast Food", "04. Fast Food\04. Fast Food.csproj", "{8A0AAD87-F6F2-4DFE-9C5D-DBC0CC3B2F21}"
EndProject
Project("{FAE04EC0-301F-11D3-BF4B-00C04F79EFBC}") = "05. Fashion Boutique", "05. Fashion Boutique\05. Fashion Boutique.csproj", "{9932E8A8-444C-4568-A5B6-4349D004ACA2}"
EndProject
Project("{FAE04EC0-301F-11D3-BF4B-00C04F79EFBC}") = "06. Songs Queue", "06. Songs Queue\06. Songs Queue.csproj", "{5AEEE756-B288-4F27-B054-966C5231C0DE}"
EndProject
Project("{FAE04EC0-301F-11D3-BF4B-00C04F79EFBC}") = "07. Truck Tour", "07. Truck Tour\07. Truck Tour.csproj", "{E20ACDE8-3C61-4A82-AF63-0C966B1E7D88}"
EndProject
Project("{FAE04EC0-301F-11D3-BF4B-00C04F79EFBC}") = "08. Balanced Parenthesis", "08. Balanced Parenthesis\08. Balanced Parenthesis.csproj", "{C599C393-1A88-41C6-9457-490B2367C8F6}"
EndProject
Project("{FAE04EC0-301F-11D3-BF4B-00C04F79EFBC}") = "09. Simple Text Editor", "09. Simple Text Editor\09. Simple Text Editor.csproj", "{38BA5D9D-136D-4032-A7D3-BD6EECF7AB79}"
EndProject
Global
	GlobalSection(SolutionConfigurationPlatforms) = preSolution
		Debug|Any CPU = Debug|Any CPU
		Release|Any CPU = Release|Any CPU
	EndGlobalSection
	GlobalSection(ProjectConfigurationPlatforms) = postSolution
		{DB5BA681-D640-4416-8C3A-9EFA4A10882C}.Debug|Any CPU.ActiveCfg = Debug|Any CPU
		{DB5BA681-D640-4416-8C3A-9EFA4A10882C}.Debug|Any CPU.Build.0 = Debug|Any CPU
		{DB5BA681-D640-4416-8C3A-9EFA4A10882C}.Release|Any CPU.ActiveCfg = Release|Any CPU
		{DB5BA681-D640-4416-8C3A-9EFA4A10882C}.Release|Any CPU.Build.0 = Release|Any CPU
		{0A4AD860-A749-4448-887A-97DBE46F355E}.Debug|Any CPU.ActiveCfg = Debug|Any CPU
		{0A4AD860-A749-4448-887A-97DBE46F355E}.Debug|Any CPU.Build.0 = Debug|Any CPU
		{0A4AD860-A749-4448-887A-97DBE46F355E}.Release|Any CPU.ActiveCfg = Release|Any CPU
		{0A4AD860-A749-4448-887A-97DBE46F355E}.Release|Any CPU.Build.0 = Release|Any CPU
		{450F57AA-F8E4-4E9F-95E3-42185A1E8871}.Debug|Any CPU.ActiveCfg = Debug|Any CPU
		{450F57AA-F8E4-4E9F-95E3-42185A1E8871}.Debug|Any CPU.Build.0 = Debug|Any CPU
		{450F57AA-F8E4-4E9F-95E3-42185A1E8871}.Release|Any CPU.ActiveCfg = Release|Any CPU
		{450F57AA-F8E4-4E9F-95E3-42185A1E8871}.Release|Any CPU.Build.0 = Release|Any CPU
		{5846E026-BABB-4280-B944-247ADDFFCBEB}.Debug|Any CPU.ActiveCfg = Debug|Any CPU
		{5846E026-BABB-4280-B944-247ADDFFCBEB}.Debug|Any CPU.Build.0 = Debug|Any CPU
		{5846E026-BABB-4280-B944-247ADDFFCBEB}.Release|Any CPU.ActiveCfg = Release|Any CPU
		{5846E026-BABB-4280-B944-247ADDFFCBEB}.Release|Any CPU.Build.0 = Release|Any CPU
		{8A0AAD87-F6F2-4DFE-9C5D-DBC0CC3B2F21}.Debug|Any CPU.ActiveCfg = Debug|Any CPU
		{8A0AAD87-F6F2-4DFE-9C5D-DBC0CC3B2F21}.Debug|Any CPU.Build.0 = Debug|Any CPU
		{8A0AAD87-F6F2-4DFE-9C5D-DBC0CC3B2F21}.Release|Any CPU.ActiveCfg = Release|Any CPU
		{8A0AAD87-F6F2-4DFE-9C5D-DBC0CC3B2F21}.Release|Any CPU.Build.0 = Release|Any CPU
		{9932E8A8-444C-4568-A5B6-4349D004ACA2}.Debug|Any CPU.ActiveCfg = Debug|Any CPU
		{9932E8A8-444C-4568-A5B6-4349D004ACA2}.Debug|Any CPU.Build.0 = Debug|Any CPU
		{9932E8A8-444C-4568-A5B6-4349D004ACA2}.Release|Any CPU.ActiveCfg = Release|Any CPU
		{9932E8A8-444C-4568-A5B6-4349D004ACA2}.Release|Any CPU.Build.0 = Release|Any CPU
		{5AEEE756-B288-4F27-B054-966C5231C0DE}.Debug|Any CPU.ActiveCfg = Debug|Any CPU
		{5AEEE756-B288-4F27-B054-966C5231C0DE}.Debug|Any CPU.Build.0 = Debug|Any CPU
		{5AEEE756-B288-4F27-B054-966C5231C0DE}.Release|Any CPU.ActiveCfg = Release|Any CPU
		{5AEEE756-B288-4F27-B054-966C5231C0DE}.Release|Any CPU.Build.0 = Release|Any CPU
		{E20ACDE8-3C61-4A82-AF63-0C966B1E7D88}.Debug|Any CPU.ActiveCfg = Debug|Any CPU
		{E20ACDE8-3C61-4A82-AF63-0C966B1E7D88}.Debug|Any CPU.Build.0 = Debug|Any CPU
		{E20ACDE8-3C61-4A82-AF63-0C966B1E7D88}.Release|Any CPU.ActiveCfg = Release|Any CPU
		{E20ACDE8-3C61-4A82-AF63-0C966B1E7D88}.Release|Any CPU.Build.0 = Release|Any CPU
		{C599C393-1A88-41C6-9457-490B2367C8F6}.Debug|Any CPU.ActiveCfg = Debug|Any CPU
		{C599C393-1A88-41C6-9457-490B2367C8F6}.Debug|Any CPU.Build.0 = Debug|Any CPU
		{C599C393-1A88-41C6-9457-490B2367C8F6}.Release|Any CPU.ActiveCfg = Release|Any CPU
		{C599C393-1A88-41C6-9457-490B2367C8F6}.Release|Any CPU.Build.0 = Release|Any CPU
		{38BA5D9D-136D-4032-A7D3-BD6EECF7AB79}.Debug|Any CPU.ActiveCfg = Debug|Any CPU
		{38BA5D9D-136D-4032-A7D3-BD6EECF7AB79}.Debug|Any CPU.Build.0 = Debug|Any CPU
		{38BA5D9D-136D-4032-A7D3-BD6EECF7AB79}.Release|Any CPU.ActiveCfg = Release|Any CPU
		{38BA5D9D-136D-4032-A7D3-BD6EECF7AB79}.Release|Any CPU.Build.0 = Release|Any CPU
	EndGlobalSection
	GlobalSection(SolutionProperties) = preSolution
		HideSolutionNode = FALSE
	EndGlobalSection
	GlobalSection(ExtensibilityGlobals) = postSolution
		SolutionGuid = {218FDFAC-253A-4853-B67C-9981FA3B835B}
	EndGlobalSection
EndGlobal
