
Microsoft Visual Studio Solution File, Format Version 12.00
# Visual Studio Version 17
VisualStudioVersion = 17.2.32505.173
MinimumVisualStudioVersion = 10.0.40219.1
Project("{FAE04EC0-301F-11D3-BF4B-00C04F79EFBC}") = "Generics - Lab", "Generics - Lab\Generics - Lab.csproj", "{A06664C6-97E4-4864-A3FC-7976E8ED610E}"
EndProject
Project("{FAE04EC0-301F-11D3-BF4B-00C04F79EFBC}") = "BoxOfT", "BoxOfT\BoxOfT.csproj", "{2F8CE877-56CC-4BCF-B7CA-77E70AAAC583}"
EndProject
Project("{FAE04EC0-301F-11D3-BF4B-00C04F79EFBC}") = "GenericArrayCreator", "GenericArrayCreator\GenericArrayCreator.csproj", "{E7DE8AC4-BF3C-4888-A78E-82CDF4C0C98F}"
EndProject
Project("{FAE04EC0-301F-11D3-BF4B-00C04F79EFBC}") = "GenericScale", "GenericScale\GenericScale.csproj", "{5DC27F7C-9241-4E54-B61E-73E5F5277281}"
EndProject
Global
	GlobalSection(SolutionConfigurationPlatforms) = preSolution
		Debug|Any CPU = Debug|Any CPU
		Release|Any CPU = Release|Any CPU
	EndGlobalSection
	GlobalSection(ProjectConfigurationPlatforms) = postSolution
		{A06664C6-97E4-4864-A3FC-7976E8ED610E}.Debug|Any CPU.ActiveCfg = Debug|Any CPU
		{A06664C6-97E4-4864-A3FC-7976E8ED610E}.Debug|Any CPU.Build.0 = Debug|Any CPU
		{A06664C6-97E4-4864-A3FC-7976E8ED610E}.Release|Any CPU.ActiveCfg = Release|Any CPU
		{A06664C6-97E4-4864-A3FC-7976E8ED610E}.Release|Any CPU.Build.0 = Release|Any CPU
		{2F8CE877-56CC-4BCF-B7CA-77E70AAAC583}.Debug|Any CPU.ActiveCfg = Debug|Any CPU
		{2F8CE877-56CC-4BCF-B7CA-77E70AAAC583}.Debug|Any CPU.Build.0 = Debug|Any CPU
		{2F8CE877-56CC-4BCF-B7CA-77E70AAAC583}.Release|Any CPU.ActiveCfg = Release|Any CPU
		{2F8CE877-56CC-4BCF-B7CA-77E70AAAC583}.Release|Any CPU.Build.0 = Release|Any CPU
		{E7DE8AC4-BF3C-4888-A78E-82CDF4C0C98F}.Debug|Any CPU.ActiveCfg = Debug|Any CPU
		{E7DE8AC4-BF3C-4888-A78E-82CDF4C0C98F}.Debug|Any CPU.Build.0 = Debug|Any CPU
		{E7DE8AC4-BF3C-4888-A78E-82CDF4C0C98F}.Release|Any CPU.ActiveCfg = Release|Any CPU
		{E7DE8AC4-BF3C-4888-A78E-82CDF4C0C98F}.Release|Any CPU.Build.0 = Release|Any CPU
		{5DC27F7C-9241-4E54-B61E-73E5F5277281}.Debug|Any CPU.ActiveCfg = Debug|Any CPU
		{5DC27F7C-9241-4E54-B61E-73E5F5277281}.Debug|Any CPU.Build.0 = Debug|Any CPU
		{5DC27F7C-9241-4E54-B61E-73E5F5277281}.Release|Any CPU.ActiveCfg = Release|Any CPU
		{5DC27F7C-9241-4E54-B61E-73E5F5277281}.Release|Any CPU.Build.0 = Release|Any CPU
	EndGlobalSection
	GlobalSection(SolutionProperties) = preSolution
		HideSolutionNode = FALSE
	EndGlobalSection
	GlobalSection(ExtensibilityGlobals) = postSolution
		SolutionGuid = {C781C569-5D91-4CC7-883F-1D35BDE6E25F}
	EndGlobalSection
EndGlobal
