
Microsoft Visual Studio Solution File, Format Version 12.00
# Visual Studio Version 17
VisualStudioVersion = 17.2.32505.173
MinimumVisualStudioVersion = 10.0.40219.1
Project("{FAE04EC0-301F-11D3-BF4B-00C04F79EFBC}") = "01. Reverse a String", "01. Reverse a String\01. Reverse a String.csproj", "{214061C1-D7BD-43A9-8CFE-06E097FE5762}"
EndProject
Project("{FAE04EC0-301F-11D3-BF4B-00C04F79EFBC}") = "02. Stack Sum", "02. Stack Sum\02. Stack Sum.csproj", "{7E24946D-6047-492E-B843-47F517DAF1AF}"
EndProject
Project("{FAE04EC0-301F-11D3-BF4B-00C04F79EFBC}") = "03. Simple Calculator", "03. Simple Calculator\03. Simple Calculator.csproj", "{97267DD1-2B01-478B-AE37-82C66E5EC9C9}"
EndProject
Project("{FAE04EC0-301F-11D3-BF4B-00C04F79EFBC}") = "04. Matching Brackets", "04. Matching Brackets\04. Matching Brackets.csproj", "{23349747-BA7C-4A7E-8502-D38A27BF9A42}"
EndProject
Project("{FAE04EC0-301F-11D3-BF4B-00C04F79EFBC}") = "05. Print Even Numbers", "05. Print Even Numbers\05. Print Even Numbers.csproj", "{863BE21C-F21F-4A94-BCDC-45E9EF4170C1}"
EndProject
Project("{FAE04EC0-301F-11D3-BF4B-00C04F79EFBC}") = "06. Supermarket", "06. Supermarket\06. Supermarket.csproj", "{98BFF6DB-DB0F-4ED0-8465-FB0BB751551B}"
EndProject
Project("{FAE04EC0-301F-11D3-BF4B-00C04F79EFBC}") = "07. Hot Potato", "07. Hot Potato\07. Hot Potato.csproj", "{21ACC7EC-FA33-4581-BC3C-E0203319F431}"
EndProject
Project("{FAE04EC0-301F-11D3-BF4B-00C04F79EFBC}") = "08. Traffic Jam", "08. Traffic Jam\08. Traffic Jam.csproj", "{A3C01463-D905-472C-B173-793C034ED4CF}"
EndProject
Global
	GlobalSection(SolutionConfigurationPlatforms) = preSolution
		Debug|Any CPU = Debug|Any CPU
		Release|Any CPU = Release|Any CPU
	EndGlobalSection
	GlobalSection(ProjectConfigurationPlatforms) = postSolution
		{214061C1-D7BD-43A9-8CFE-06E097FE5762}.Debug|Any CPU.ActiveCfg = Debug|Any CPU
		{214061C1-D7BD-43A9-8CFE-06E097FE5762}.Debug|Any CPU.Build.0 = Debug|Any CPU
		{214061C1-D7BD-43A9-8CFE-06E097FE5762}.Release|Any CPU.ActiveCfg = Release|Any CPU
		{214061C1-D7BD-43A9-8CFE-06E097FE5762}.Release|Any CPU.Build.0 = Release|Any CPU
		{7E24946D-6047-492E-B843-47F517DAF1AF}.Debug|Any CPU.ActiveCfg = Debug|Any CPU
		{7E24946D-6047-492E-B843-47F517DAF1AF}.Debug|Any CPU.Build.0 = Debug|Any CPU
		{7E24946D-6047-492E-B843-47F517DAF1AF}.Release|Any CPU.ActiveCfg = Release|Any CPU
		{7E24946D-6047-492E-B843-47F517DAF1AF}.Release|Any CPU.Build.0 = Release|Any CPU
		{97267DD1-2B01-478B-AE37-82C66E5EC9C9}.Debug|Any CPU.ActiveCfg = Debug|Any CPU
		{97267DD1-2B01-478B-AE37-82C66E5EC9C9}.Debug|Any CPU.Build.0 = Debug|Any CPU
		{97267DD1-2B01-478B-AE37-82C66E5EC9C9}.Release|Any CPU.ActiveCfg = Release|Any CPU
		{97267DD1-2B01-478B-AE37-82C66E5EC9C9}.Release|Any CPU.Build.0 = Release|Any CPU
		{23349747-BA7C-4A7E-8502-D38A27BF9A42}.Debug|Any CPU.ActiveCfg = Debug|Any CPU
		{23349747-BA7C-4A7E-8502-D38A27BF9A42}.Debug|Any CPU.Build.0 = Debug|Any CPU
		{23349747-BA7C-4A7E-8502-D38A27BF9A42}.Release|Any CPU.ActiveCfg = Release|Any CPU
		{23349747-BA7C-4A7E-8502-D38A27BF9A42}.Release|Any CPU.Build.0 = Release|Any CPU
		{863BE21C-F21F-4A94-BCDC-45E9EF4170C1}.Debug|Any CPU.ActiveCfg = Debug|Any CPU
		{863BE21C-F21F-4A94-BCDC-45E9EF4170C1}.Debug|Any CPU.Build.0 = Debug|Any CPU
		{863BE21C-F21F-4A94-BCDC-45E9EF4170C1}.Release|Any CPU.ActiveCfg = Release|Any CPU
		{863BE21C-F21F-4A94-BCDC-45E9EF4170C1}.Release|Any CPU.Build.0 = Release|Any CPU
		{98BFF6DB-DB0F-4ED0-8465-FB0BB751551B}.Debug|Any CPU.ActiveCfg = Debug|Any CPU
		{98BFF6DB-DB0F-4ED0-8465-FB0BB751551B}.Debug|Any CPU.Build.0 = Debug|Any CPU
		{98BFF6DB-DB0F-4ED0-8465-FB0BB751551B}.Release|Any CPU.ActiveCfg = Release|Any CPU
		{98BFF6DB-DB0F-4ED0-8465-FB0BB751551B}.Release|Any CPU.Build.0 = Release|Any CPU
		{21ACC7EC-FA33-4581-BC3C-E0203319F431}.Debug|Any CPU.ActiveCfg = Debug|Any CPU
		{21ACC7EC-FA33-4581-BC3C-E0203319F431}.Debug|Any CPU.Build.0 = Debug|Any CPU
		{21ACC7EC-FA33-4581-BC3C-E0203319F431}.Release|Any CPU.ActiveCfg = Release|Any CPU
		{21ACC7EC-FA33-4581-BC3C-E0203319F431}.Release|Any CPU.Build.0 = Release|Any CPU
		{A3C01463-D905-472C-B173-793C034ED4CF}.Debug|Any CPU.ActiveCfg = Debug|Any CPU
		{A3C01463-D905-472C-B173-793C034ED4CF}.Debug|Any CPU.Build.0 = Debug|Any CPU
		{A3C01463-D905-472C-B173-793C034ED4CF}.Release|Any CPU.ActiveCfg = Release|Any CPU
		{A3C01463-D905-472C-B173-793C034ED4CF}.Release|Any CPU.Build.0 = Release|Any CPU
	EndGlobalSection
	GlobalSection(SolutionProperties) = preSolution
		HideSolutionNode = FALSE
	EndGlobalSection
	GlobalSection(ExtensibilityGlobals) = postSolution
		SolutionGuid = {18739983-03D2-41E3-AD3E-56A031469FEC}
	EndGlobalSection
EndGlobal
