
Microsoft Visual Studio Solution File, Format Version 12.00
# Visual Studio Version 17
VisualStudioVersion = 17.2.32505.173
MinimumVisualStudioVersion = 10.0.40219.1
Project("{FAE04EC0-301F-11D3-BF4B-00C04F79EFBC}") = "Defining Classes - Lab", "Defining Classes - Lab\Defining Classes - Lab.csproj", "{331D794C-0CB3-45DF-9193-AEF5034B72B8}"
EndProject
Project("{FAE04EC0-301F-11D3-BF4B-00C04F79EFBC}") = "CarManufacturer", "CarManufacturer\CarManufacturer.csproj", "{1B46CB40-E20B-4A26-93EB-275AC59D6056}"
EndProject
Global
	GlobalSection(SolutionConfigurationPlatforms) = preSolution
		Debug|Any CPU = Debug|Any CPU
		Release|Any CPU = Release|Any CPU
	EndGlobalSection
	GlobalSection(ProjectConfigurationPlatforms) = postSolution
		{331D794C-0CB3-45DF-9193-AEF5034B72B8}.Debug|Any CPU.ActiveCfg = Debug|Any CPU
		{331D794C-0CB3-45DF-9193-AEF5034B72B8}.Debug|Any CPU.Build.0 = Debug|Any CPU
		{331D794C-0CB3-45DF-9193-AEF5034B72B8}.Release|Any CPU.ActiveCfg = Release|Any CPU
		{331D794C-0CB3-45DF-9193-AEF5034B72B8}.Release|Any CPU.Build.0 = Release|Any CPU
		{1B46CB40-E20B-4A26-93EB-275AC59D6056}.Debug|Any CPU.ActiveCfg = Debug|Any CPU
		{1B46CB40-E20B-4A26-93EB-275AC59D6056}.Debug|Any CPU.Build.0 = Debug|Any CPU
		{1B46CB40-E20B-4A26-93EB-275AC59D6056}.Release|Any CPU.ActiveCfg = Release|Any CPU
		{1B46CB40-E20B-4A26-93EB-275AC59D6056}.Release|Any CPU.Build.0 = Release|Any CPU
	EndGlobalSection
	GlobalSection(SolutionProperties) = preSolution
		HideSolutionNode = FALSE
	EndGlobalSection
	GlobalSection(ExtensibilityGlobals) = postSolution
		SolutionGuid = {A3ED6CCC-831A-4C4B-8378-11EBD1D718CE}
	EndGlobalSection
EndGlobal
