
Microsoft Visual Studio Solution File, Format Version 12.00
# Visual Studio Version 17
VisualStudioVersion = 17.1.32210.238
MinimumVisualStudioVersion = 10.0.40219.1
Project("{FAE04EC0-301F-11D3-BF4B-00C04F79EFBC}") = "Regular Expressions - Exercise", "Regular Expressions - Exercise\Regular Expressions - Exercise.csproj", "{82C2F4AC-7756-4542-B1B0-AA2B15B24D9E}"
EndProject
Project("{FAE04EC0-301F-11D3-BF4B-00C04F79EFBC}") = "01. Furniture", "01. Furniture\01. Furniture.csproj", "{35946192-7049-4FA3-8992-2F71F4688F60}"
EndProject
Project("{FAE04EC0-301F-11D3-BF4B-00C04F79EFBC}") = "02. Race", "02. Race\02. Race.csproj", "{6C6533C4-3D9B-4AF4-8FA4-FF30A23849B3}"
EndProject
Project("{FAE04EC0-301F-11D3-BF4B-00C04F79EFBC}") = "03. SoftUni Bar Income", "03. SoftUni Bar Income\03. SoftUni Bar Income.csproj", "{3F1B252A-787E-41C9-A3A6-39A5E53251FD}"
EndProject
Global
	GlobalSection(SolutionConfigurationPlatforms) = preSolution
		Debug|Any CPU = Debug|Any CPU
		Release|Any CPU = Release|Any CPU
	EndGlobalSection
	GlobalSection(ProjectConfigurationPlatforms) = postSolution
		{82C2F4AC-7756-4542-B1B0-AA2B15B24D9E}.Debug|Any CPU.ActiveCfg = Debug|Any CPU
		{82C2F4AC-7756-4542-B1B0-AA2B15B24D9E}.Debug|Any CPU.Build.0 = Debug|Any CPU
		{82C2F4AC-7756-4542-B1B0-AA2B15B24D9E}.Release|Any CPU.ActiveCfg = Release|Any CPU
		{82C2F4AC-7756-4542-B1B0-AA2B15B24D9E}.Release|Any CPU.Build.0 = Release|Any CPU
		{35946192-7049-4FA3-8992-2F71F4688F60}.Debug|Any CPU.ActiveCfg = Debug|Any CPU
		{35946192-7049-4FA3-8992-2F71F4688F60}.Debug|Any CPU.Build.0 = Debug|Any CPU
		{35946192-7049-4FA3-8992-2F71F4688F60}.Release|Any CPU.ActiveCfg = Release|Any CPU
		{35946192-7049-4FA3-8992-2F71F4688F60}.Release|Any CPU.Build.0 = Release|Any CPU
		{6C6533C4-3D9B-4AF4-8FA4-FF30A23849B3}.Debug|Any CPU.ActiveCfg = Debug|Any CPU
		{6C6533C4-3D9B-4AF4-8FA4-FF30A23849B3}.Debug|Any CPU.Build.0 = Debug|Any CPU
		{6C6533C4-3D9B-4AF4-8FA4-FF30A23849B3}.Release|Any CPU.ActiveCfg = Release|Any CPU
		{6C6533C4-3D9B-4AF4-8FA4-FF30A23849B3}.Release|Any CPU.Build.0 = Release|Any CPU
		{3F1B252A-787E-41C9-A3A6-39A5E53251FD}.Debug|Any CPU.ActiveCfg = Debug|Any CPU
		{3F1B252A-787E-41C9-A3A6-39A5E53251FD}.Debug|Any CPU.Build.0 = Debug|Any CPU
		{3F1B252A-787E-41C9-A3A6-39A5E53251FD}.Release|Any CPU.ActiveCfg = Release|Any CPU
		{3F1B252A-787E-41C9-A3A6-39A5E53251FD}.Release|Any CPU.Build.0 = Release|Any CPU
	EndGlobalSection
	GlobalSection(SolutionProperties) = preSolution
		HideSolutionNode = FALSE
	EndGlobalSection
	GlobalSection(ExtensibilityGlobals) = postSolution
		SolutionGuid = {546DC855-F4D2-43A4-A5B1-C645998A063D}
	EndGlobalSection
EndGlobal
